# This file is automatically @generated by Cargo.
# It is not intended for manual editing.
[[package]]
name = "app"
version = "0.1.0"

[[package]]
name = "codec"
version = "0.1.0"

[[package]]
name = "coregen"
version = "0.1.0"

[[package]]
name = "corelib"
version = "0.1.0"

[[package]]
name = "http_device"
version = "0.1.0"

[[package]]
name = "influxdb_device"
version = "0.1.0"

[[package]]
name = "mssql_device"
version = "0.1.0"

[[package]]
name = "mysql_device"
version = "0.1.0"

[[package]]
name = "oracle_device"
version = "0.1.0"

[[package]]
name = "postgresql_device"
version = "0.1.0"

[[package]]
name = "riemann_device"
version = "0.1.0"

[[package]]
name = "ssh_device"
version = "0.1.0"
